
Microsoft Visual Studio Solution File, Format Version 12.00
# Visual Studio Version 17
VisualStudioVersion = 17.3.32929.385
MinimumVisualStudioVersion = 10.0.40219.1
Project("{FAE04EC0-301F-11D3-BF4B-00C04F79EFBC}") = "multi-login", "multi-login.csproj", "{4F2EFADE-5F3B-4547-BDAD-C200CB35D9CB}"
EndProject
Global
	GlobalSection(SolutionConfigurationPlatforms) = preSolution
		Debug|Any CPU = Debug|Any CPU
		Release|Any CPU = Release|Any CPU
	EndGlobalSection
	GlobalSection(ProjectConfigurationPlatforms) = postSolution
		{4F2EFADE-5F3B-4547-BDAD-C200CB35D9CB}.Debug|Any CPU.ActiveCfg = Debug|Any CPU
		{4F2EFADE-5F3B-4547-BDAD-C200CB35D9CB}.Debug|Any CPU.Build.0 = Debug|Any CPU
		{4F2EFADE-5F3B-4547-BDAD-C200CB35D9CB}.Release|Any CPU.ActiveCfg = Release|Any CPU
		{4F2EFADE-5F3B-4547-BDAD-C200CB35D9CB}.Release|Any CPU.Build.0 = Release|Any CPU
	EndGlobalSection
	GlobalSection(SolutionProperties) = preSolution
		HideSolutionNode = FALSE
	EndGlobalSection
	GlobalSection(ExtensibilityGlobals) = postSolution
		SolutionGuid = {1FF1F32B-5963-45C8-B33D-48A038CA1F4E}
	EndGlobalSection
EndGlobal
